{
  "name": "file-uploader",
  "version": "1.0.0",
  "lockfileVersion": 3,
  "requires": true,
  "packages": {
    "": {
      "name": "file-uploader",
      "version": "1.0.0",
      "license": "ISC",
      "dependencies": {
        "@prisma/client": "^5.18.0",
        "bcryptjs": "^2.4.3",
        "dotenv": "^16.4.5",
        "express-validator": "^7.2.0"
      },
      "devDependencies": {
        "prisma": "^5.18.0"
      }
    },
    "node_modules/@prisma/client": {
      "version": "5.18.0",
      "resolved": "https://registry.npmjs.org/@prisma/client/-/client-5.18.0.tgz",
      "integrity": "sha512-BWivkLh+af1kqC89zCJYkHsRcyWsM8/JHpsDMM76DjP3ZdEquJhXa4IeX+HkWPnwJ5FanxEJFZZDTWiDs/Kvyw==",
      "hasInstallScript": true,
      "engines": {
        "node": ">=16.13"
      },
      "peerDependencies": {
        "prisma": "*"
      },
      "peerDependenciesMeta": {
        "prisma": {
          "optional": true
        }
      }
    },
    "node_modules/@prisma/debug": {
      "version": "5.18.0",
      "resolved": "https://registry.npmjs.org/@prisma/debug/-/debug-5.18.0.tgz",
      "integrity": "sha512-f+ZvpTLidSo3LMJxQPVgAxdAjzv5OpzAo/eF8qZqbwvgi2F5cTOI9XCpdRzJYA0iGfajjwjOKKrVq64vkxEfUw==",
      "devOptional": true
    },
    "node_modules/@prisma/engines": {
      "version": "5.18.0",
      "resolved": "https://registry.npmjs.org/@prisma/engines/-/engines-5.18.0.tgz",
      "integrity": "sha512-ofmpGLeJ2q2P0wa/XaEgTnX/IsLnvSp/gZts0zjgLNdBhfuj2lowOOPmDcfKljLQUXMvAek3lw5T01kHmCG8rg==",
      "devOptional": true,
      "hasInstallScript": true,
      "dependencies": {
        "@prisma/debug": "5.18.0",
        "@prisma/engines-version": "5.18.0-25.4c784e32044a8a016d99474bd02a3b6123742169",
        "@prisma/fetch-engine": "5.18.0",
        "@prisma/get-platform": "5.18.0"
      }
    },
    "node_modules/@prisma/engines-version": {
      "version": "5.18.0-25.4c784e32044a8a016d99474bd02a3b6123742169",
      "resolved": "https://registry.npmjs.org/@prisma/engines-version/-/engines-version-5.18.0-25.4c784e32044a8a016d99474bd02a3b6123742169.tgz",
      "integrity": "sha512-a/+LpJj8vYU3nmtkg+N3X51ddbt35yYrRe8wqHTJtYQt7l1f8kjIBcCs6sHJvodW/EK5XGvboOiwm47fmNrbgg==",
      "devOptional": true
    },
    "node_modules/@prisma/fetch-engine": {
      "version": "5.18.0",
      "resolved": "https://registry.npmjs.org/@prisma/fetch-engine/-/fetch-engine-5.18.0.tgz",
      "integrity": "sha512-I/3u0x2n31rGaAuBRx2YK4eB7R/1zCuayo2DGwSpGyrJWsZesrV7QVw7ND0/Suxeo/vLkJ5OwuBqHoCxvTHpOg==",
      "devOptional": true,
      "dependencies": {
        "@prisma/debug": "5.18.0",
        "@prisma/engines-version": "5.18.0-25.4c784e32044a8a016d99474bd02a3b6123742169",
        "@prisma/get-platform": "5.18.0"
      }
    },
    "node_modules/@prisma/get-platform": {
      "version": "5.18.0",
      "resolved": "https://registry.npmjs.org/@prisma/get-platform/-/get-platform-5.18.0.tgz",
      "integrity": "sha512-Tk+m7+uhqcKDgnMnFN0lRiH7Ewea0OEsZZs9pqXa7i3+7svS3FSCqDBCaM9x5fmhhkufiG0BtunJVDka+46DlA==",
      "devOptional": true,
      "dependencies": {
        "@prisma/debug": "5.18.0"
      }
    },
    "node_modules/bcryptjs": {
      "version": "2.4.3",
      "resolved": "https://registry.npmjs.org/bcryptjs/-/bcryptjs-2.4.3.tgz",
      "integrity": "sha512-V/Hy/X9Vt7f3BbPJEi8BdVFMByHi+jNXrYkW3huaybV/kQ0KJg0Y6PkEMbn+zeT+i+SiKZ/HMqJGIIt4LZDqNQ=="
    },
    "node_modules/dotenv": {
      "version": "16.4.5",
      "resolved": "https://registry.npmjs.org/dotenv/-/dotenv-16.4.5.tgz",
      "integrity": "sha512-ZmdL2rui+eB2YwhsWzjInR8LldtZHGDoQ1ugH85ppHKwpUHL7j7rN0Ti9NCnGiQbhaZ11FpR+7ao1dNsmduNUg==",
      "engines": {
        "node": ">=12"
      },
      "funding": {
        "url": "https://dotenvx.com"
      }
    },
    "node_modules/express-validator": {
      "version": "7.2.0",
      "resolved": "https://registry.npmjs.org/express-validator/-/express-validator-7.2.0.tgz",
      "integrity": "sha512-I2ByKD8panjtr8Y05l21Wph9xk7kk64UMyvJCl/fFM/3CTJq8isXYPLeKW/aZBCdb/LYNv63PwhY8khw8VWocA==",
      "dependencies": {
        "lodash": "^4.17.21",
        "validator": "~13.12.0"
      },
      "engines": {
        "node": ">= 8.0.0"
      }
    },
    "node_modules/lodash": {
      "version": "4.17.21",
      "resolved": "https://registry.npmjs.org/lodash/-/lodash-4.17.21.tgz",
      "integrity": "sha512-v2kDEe57lecTulaDIuNTPy3Ry4gLGJ6Z1O3vE1krgXZNrsQ+LFTGHVxVjcXPs17LhbZVGedAJv8XZ1tvj5FvSg=="
    },
    "node_modules/prisma": {
      "version": "5.18.0",
      "resolved": "https://registry.npmjs.org/prisma/-/prisma-5.18.0.tgz",
      "integrity": "sha512-+TrSIxZsh64OPOmaSgVPH7ALL9dfU0jceYaMJXsNrTkFHO7/3RANi5K2ZiPB1De9+KDxCWn7jvRq8y8pvk+o9g==",
      "devOptional": true,
      "hasInstallScript": true,
      "dependencies": {
        "@prisma/engines": "5.18.0"
      },
      "bin": {
        "prisma": "build/index.js"
      },
      "engines": {
        "node": ">=16.13"
      }
    },
    "node_modules/validator": {
      "version": "13.12.0",
      "resolved": "https://registry.npmjs.org/validator/-/validator-13.12.0.tgz",
      "integrity": "sha512-c1Q0mCiPlgdTVVVIJIrBuxNicYE+t/7oKeI9MWLj3fh/uq2Pxh/3eeWbVZ4OcGW1TUf53At0njHw5SMdA3tmMg==",
      "engines": {
        "node": ">= 0.10"
      }
    }
  }
}
